
Microsoft Visual Studio Solution File, Format Version 12.00
# Visual Studio Version 16
VisualStudioVersion = 16.0.29709.97
MinimumVisualStudioVersion = 10.0.40219.1
Project("{9A19103F-16F7-4668-BE54-9A1E7A4F7556}") = "Fundoo", "Fundoo\Fundoo.csproj", "{8C096CF5-6D82-41C7-B43B-9D0360DA1D3D}"
EndProject
Project("{9A19103F-16F7-4668-BE54-9A1E7A4F7556}") = "Model", "Model\Model.csproj", "{485D699E-5136-42AB-952B-24F66119310A}"
EndProject
Project("{9A19103F-16F7-4668-BE54-9A1E7A4F7556}") = "Manager", "Manager\Manager.csproj", "{435A3A42-DC91-4DEA-8C36-D7DB6BC0C98D}"
EndProject
Project("{9A19103F-16F7-4668-BE54-9A1E7A4F7556}") = "Repository", "Repository\Repository.csproj", "{4EB7DF40-E074-4DD3-B9A8-FBD02747C9B2}"
EndProject
Project("{9A19103F-16F7-4668-BE54-9A1E7A4F7556}") = "NUnitTestFundoo", "NUnitTestFundoo\NUnitTestFundoo.csproj", "{9F60FA4E-4105-4A5C-8D9F-D5428A627827}"
EndProject
Project("{FAE04EC0-301F-11D3-BF4B-00C04F79EFBC}") = "Utility", "Utility\Utility.csproj", "{A1FBE54C-B1A5-4549-8C47-213E984B024D}"
EndProject
Global
	GlobalSection(SolutionConfigurationPlatforms) = preSolution
		Debug|Any CPU = Debug|Any CPU
		Release|Any CPU = Release|Any CPU
	EndGlobalSection
	GlobalSection(ProjectConfigurationPlatforms) = postSolution
		{8C096CF5-6D82-41C7-B43B-9D0360DA1D3D}.Debug|Any CPU.ActiveCfg = Debug|Any CPU
		{8C096CF5-6D82-41C7-B43B-9D0360DA1D3D}.Debug|Any CPU.Build.0 = Debug|Any CPU
		{8C096CF5-6D82-41C7-B43B-9D0360DA1D3D}.Release|Any CPU.ActiveCfg = Release|Any CPU
		{8C096CF5-6D82-41C7-B43B-9D0360DA1D3D}.Release|Any CPU.Build.0 = Release|Any CPU
		{485D699E-5136-42AB-952B-24F66119310A}.Debug|Any CPU.ActiveCfg = Debug|Any CPU
		{485D699E-5136-42AB-952B-24F66119310A}.Debug|Any CPU.Build.0 = Debug|Any CPU
		{485D699E-5136-42AB-952B-24F66119310A}.Release|Any CPU.ActiveCfg = Release|Any CPU
		{485D699E-5136-42AB-952B-24F66119310A}.Release|Any CPU.Build.0 = Release|Any CPU
		{435A3A42-DC91-4DEA-8C36-D7DB6BC0C98D}.Debug|Any CPU.ActiveCfg = Debug|Any CPU
		{435A3A42-DC91-4DEA-8C36-D7DB6BC0C98D}.Debug|Any CPU.Build.0 = Debug|Any CPU
		{435A3A42-DC91-4DEA-8C36-D7DB6BC0C98D}.Release|Any CPU.ActiveCfg = Release|Any CPU
		{435A3A42-DC91-4DEA-8C36-D7DB6BC0C98D}.Release|Any CPU.Build.0 = Release|Any CPU
		{4EB7DF40-E074-4DD3-B9A8-FBD02747C9B2}.Debug|Any CPU.ActiveCfg = Debug|Any CPU
		{4EB7DF40-E074-4DD3-B9A8-FBD02747C9B2}.Debug|Any CPU.Build.0 = Debug|Any CPU
		{4EB7DF40-E074-4DD3-B9A8-FBD02747C9B2}.Release|Any CPU.ActiveCfg = Release|Any CPU
		{4EB7DF40-E074-4DD3-B9A8-FBD02747C9B2}.Release|Any CPU.Build.0 = Release|Any CPU
		{9F60FA4E-4105-4A5C-8D9F-D5428A627827}.Debug|Any CPU.ActiveCfg = Debug|Any CPU
		{9F60FA4E-4105-4A5C-8D9F-D5428A627827}.Debug|Any CPU.Build.0 = Debug|Any CPU
		{9F60FA4E-4105-4A5C-8D9F-D5428A627827}.Release|Any CPU.ActiveCfg = Release|Any CPU
		{9F60FA4E-4105-4A5C-8D9F-D5428A627827}.Release|Any CPU.Build.0 = Release|Any CPU
		{A1FBE54C-B1A5-4549-8C47-213E984B024D}.Debug|Any CPU.ActiveCfg = Debug|Any CPU
		{A1FBE54C-B1A5-4549-8C47-213E984B024D}.Debug|Any CPU.Build.0 = Debug|Any CPU
		{A1FBE54C-B1A5-4549-8C47-213E984B024D}.Release|Any CPU.ActiveCfg = Release|Any CPU
		{A1FBE54C-B1A5-4549-8C47-213E984B024D}.Release|Any CPU.Build.0 = Release|Any CPU
	EndGlobalSection
	GlobalSection(SolutionProperties) = preSolution
		HideSolutionNode = FALSE
	EndGlobalSection
	GlobalSection(ExtensibilityGlobals) = postSolution
		SolutionGuid = {6BD7417B-9165-4FC9-8058-45E663D38B2A}
	EndGlobalSection
EndGlobal
